
Microsoft Visual Studio Solution File, Format Version 12.00
# Visual Studio Version 16
VisualStudioVersion = 16.0.30320.27
MinimumVisualStudioVersion = 10.0.40219.1
Project("{FAE04EC0-301F-11D3-BF4B-00C04F79EFBC}") = "clipperLib", "clipper\clipperLib.csproj", "{9B062971-A88E-4A3D-B3C9-12B78D15FA66}"
EndProject
Project("{FAE04EC0-301F-11D3-BF4B-00C04F79EFBC}") = "Triangle", "Triangle\Triangle.csproj", "{5A12C4A1-BC07-4F18-82B5-B08E150025DF}"
EndProject
Project("{FAE04EC0-301F-11D3-BF4B-00C04F79EFBC}") = "LiteCAD", "LiteCAD\LiteCAD.csproj", "{C61F402E-9B03-435A-A819-B3E277E53514}"
EndProject
Project("{FAE04EC0-301F-11D3-BF4B-00C04F79EFBC}") = "LiteCAD.Lib", "LiteCADLib\LiteCAD.Lib.csproj", "{05537B4A-4A48-403C-A61B-9ECA33EF559B}"
EndProject
Project("{9A19103F-16F7-4668-BE54-9A1E7A4F7556}") = "IxMilia.Iges", "IxMilia.Iges\IxMilia.Iges.csproj", "{D8A1FAF5-4EB0-41AF-847E-4300E5B49FFF}"
EndProject
Project("{FAE04EC0-301F-11D3-BF4B-00C04F79EFBC}") = "BREP", "BREP\BREP.csproj", "{B8D3FC7A-18BC-487B-8A02-EB446A2C6079}"
EndProject
Global
	GlobalSection(SolutionConfigurationPlatforms) = preSolution
		Debug|Any CPU = Debug|Any CPU
		Release|Any CPU = Release|Any CPU
	EndGlobalSection
	GlobalSection(ProjectConfigurationPlatforms) = postSolution
		{9B062971-A88E-4A3D-B3C9-12B78D15FA66}.Debug|Any CPU.ActiveCfg = Debug|Any CPU
		{9B062971-A88E-4A3D-B3C9-12B78D15FA66}.Debug|Any CPU.Build.0 = Debug|Any CPU
		{9B062971-A88E-4A3D-B3C9-12B78D15FA66}.Release|Any CPU.ActiveCfg = Release|Any CPU
		{9B062971-A88E-4A3D-B3C9-12B78D15FA66}.Release|Any CPU.Build.0 = Release|Any CPU
		{5A12C4A1-BC07-4F18-82B5-B08E150025DF}.Debug|Any CPU.ActiveCfg = Debug|Any CPU
		{5A12C4A1-BC07-4F18-82B5-B08E150025DF}.Debug|Any CPU.Build.0 = Debug|Any CPU
		{5A12C4A1-BC07-4F18-82B5-B08E150025DF}.Release|Any CPU.ActiveCfg = Release|Any CPU
		{5A12C4A1-BC07-4F18-82B5-B08E150025DF}.Release|Any CPU.Build.0 = Release|Any CPU
		{C61F402E-9B03-435A-A819-B3E277E53514}.Debug|Any CPU.ActiveCfg = Debug|Any CPU
		{C61F402E-9B03-435A-A819-B3E277E53514}.Debug|Any CPU.Build.0 = Debug|Any CPU
		{C61F402E-9B03-435A-A819-B3E277E53514}.Release|Any CPU.ActiveCfg = Release|Any CPU
		{C61F402E-9B03-435A-A819-B3E277E53514}.Release|Any CPU.Build.0 = Release|Any CPU
		{05537B4A-4A48-403C-A61B-9ECA33EF559B}.Debug|Any CPU.ActiveCfg = Debug|Any CPU
		{05537B4A-4A48-403C-A61B-9ECA33EF559B}.Debug|Any CPU.Build.0 = Debug|Any CPU
		{05537B4A-4A48-403C-A61B-9ECA33EF559B}.Release|Any CPU.ActiveCfg = Release|Any CPU
		{05537B4A-4A48-403C-A61B-9ECA33EF559B}.Release|Any CPU.Build.0 = Release|Any CPU
		{D8A1FAF5-4EB0-41AF-847E-4300E5B49FFF}.Debug|Any CPU.ActiveCfg = Debug|Any CPU
		{D8A1FAF5-4EB0-41AF-847E-4300E5B49FFF}.Debug|Any CPU.Build.0 = Debug|Any CPU
		{D8A1FAF5-4EB0-41AF-847E-4300E5B49FFF}.Release|Any CPU.ActiveCfg = Release|Any CPU
		{D8A1FAF5-4EB0-41AF-847E-4300E5B49FFF}.Release|Any CPU.Build.0 = Release|Any CPU
		{B8D3FC7A-18BC-487B-8A02-EB446A2C6079}.Debug|Any CPU.ActiveCfg = Debug|Any CPU
		{B8D3FC7A-18BC-487B-8A02-EB446A2C6079}.Debug|Any CPU.Build.0 = Debug|Any CPU
		{B8D3FC7A-18BC-487B-8A02-EB446A2C6079}.Release|Any CPU.ActiveCfg = Release|Any CPU
		{B8D3FC7A-18BC-487B-8A02-EB446A2C6079}.Release|Any CPU.Build.0 = Release|Any CPU
	EndGlobalSection
	GlobalSection(SolutionProperties) = preSolution
		HideSolutionNode = FALSE
	EndGlobalSection
	GlobalSection(ExtensibilityGlobals) = postSolution
		SolutionGuid = {FF6359ED-2C7C-47E4-A6B1-BE645C052BE3}
	EndGlobalSection
EndGlobal
