
Microsoft Visual Studio Solution File, Format Version 12.00
# Visual Studio Version 16
VisualStudioVersion = 16.0.30320.27
MinimumVisualStudioVersion = 10.0.40219.1
Project("{FAE04EC0-301F-11D3-BF4B-00C04F79EFBC}") = "clipperLib", "clipper\clipperLib.csproj", "{9B062971-A88E-4A3D-B3C9-12B78D15FA66}"
EndProject
Project("{FAE04EC0-301F-11D3-BF4B-00C04F79EFBC}") = "Triangle", "Triangle\Triangle.csproj", "{5A12C4A1-BC07-4F18-82B5-B08E150025DF}"
EndProject
Project("{FAE04EC0-301F-11D3-BF4B-00C04F79EFBC}") = "LiteCAD", "LiteCAD\LiteCAD.csproj", "{C61F402E-9B03-435A-A819-B3E277E53514}"
EndProject
Project("{FAE04EC0-301F-11D3-BF4B-00C04F79EFBC}") = "LiteCAD.Lib", "LiteCADLib\LiteCAD.Lib.csproj", "{05537B4A-4A48-403C-A61B-9ECA33EF559B}"
EndProject
Project("{9A19103F-16F7-4668-BE54-9A1E7A4F7556}") = "IxMilia.Iges", "IxMilia.Iges\IxMilia.Iges.csproj", "{E3606BFC-8F90-45E8-818D-B0E74020C656}"
EndProject
Global
	GlobalSection(SolutionConfigurationPlatforms) = preSolution
		Debug|Any CPU = Debug|Any CPU
		Release|Any CPU = Release|Any CPU
	EndGlobalSection
	GlobalSection(ProjectConfigurationPlatforms) = postSolution
		{9B062971-A88E-4A3D-B3C9-12B78D15FA66}.Debug|Any CPU.ActiveCfg = Debug|Any CPU
		{9B062971-A88E-4A3D-B3C9-12B78D15FA66}.Debug|Any CPU.Build.0 = Debug|Any CPU
		{9B062971-A88E-4A3D-B3C9-12B78D15FA66}.Release|Any CPU.ActiveCfg = Release|Any CPU
		{9B062971-A88E-4A3D-B3C9-12B78D15FA66}.Release|Any CPU.Build.0 = Release|Any CPU
		{5A12C4A1-BC07-4F18-82B5-B08E150025DF}.Debug|Any CPU.ActiveCfg = Debug|Any CPU
		{5A12C4A1-BC07-4F18-82B5-B08E150025DF}.Debug|Any CPU.Build.0 = Debug|Any CPU
		{5A12C4A1-BC07-4F18-82B5-B08E150025DF}.Release|Any CPU.ActiveCfg = Release|Any CPU
		{5A12C4A1-BC07-4F18-82B5-B08E150025DF}.Release|Any CPU.Build.0 = Release|Any CPU
		{C61F402E-9B03-435A-A819-B3E277E53514}.Debug|Any CPU.ActiveCfg = Debug|Any CPU
		{C61F402E-9B03-435A-A819-B3E277E53514}.Debug|Any CPU.Build.0 = Debug|Any CPU
		{C61F402E-9B03-435A-A819-B3E277E53514}.Release|Any CPU.ActiveCfg = Release|Any CPU
		{C61F402E-9B03-435A-A819-B3E277E53514}.Release|Any CPU.Build.0 = Release|Any CPU
		{05537B4A-4A48-403C-A61B-9ECA33EF559B}.Debug|Any CPU.ActiveCfg = Debug|Any CPU
		{05537B4A-4A48-403C-A61B-9ECA33EF559B}.Debug|Any CPU.Build.0 = Debug|Any CPU
		{05537B4A-4A48-403C-A61B-9ECA33EF559B}.Release|Any CPU.ActiveCfg = Release|Any CPU
		{05537B4A-4A48-403C-A61B-9ECA33EF559B}.Release|Any CPU.Build.0 = Release|Any CPU
		{E3606BFC-8F90-45E8-818D-B0E74020C656}.Debug|Any CPU.ActiveCfg = Debug|Any CPU
		{E3606BFC-8F90-45E8-818D-B0E74020C656}.Debug|Any CPU.Build.0 = Debug|Any CPU
		{E3606BFC-8F90-45E8-818D-B0E74020C656}.Release|Any CPU.ActiveCfg = Release|Any CPU
		{E3606BFC-8F90-45E8-818D-B0E74020C656}.Release|Any CPU.Build.0 = Release|Any CPU
	EndGlobalSection
	GlobalSection(SolutionProperties) = preSolution
		HideSolutionNode = FALSE
	EndGlobalSection
	GlobalSection(ExtensibilityGlobals) = postSolution
		SolutionGuid = {FF6359ED-2C7C-47E4-A6B1-BE645C052BE3}
	EndGlobalSection
EndGlobal
